// !$*UTF8*$!
{
	archiveVersion = 1;
	classes = {
	};
	objectVersion = 50;
	objects = {

/* Begin PBXBuildFile section */
		1E19321644095FBFBAB6DFD2 /* libPods-BuDeJie.a in Frameworks */ = {isa = PBXBuildFile; fileRef = DECA4F13BD8F6CE623DAFAD5 /* libPods-BuDeJie.a */; };
		340330EE2165A7CB0024FF7F /* Assets.xcassets in Resources */ = {isa = PBXBuildFile; fileRef = 340330ED2165A7CB0024FF7F /* Assets.xcassets */; };
		340330F12165A7CB0024FF7F /* LaunchScreen.storyboard in Resources */ = {isa = PBXBuildFile; fileRef = 340330EF2165A7CB0024FF7F /* LaunchScreen.storyboard */; };
		340331182165A8E10024FF7F /* main.m in Sources */ = {isa = PBXBuildFile; fileRef = 340331042165A8E10024FF7F /* main.m */; };
		340331192165A8E10024FF7F /* AppDelegate.m in Sources */ = {isa = PBXBuildFile; fileRef = 3403310F2165A8E10024FF7F /* AppDelegate.m */; };
		3403311C2165AD1D0024FF7F /* ZWJEssenceViewController.m in Sources */ = {isa = PBXBuildFile; fileRef = 3403311B2165AD1D0024FF7F /* ZWJEssenceViewController.m */; };
		340331222165ADA60024FF7F /* ZWJMeViewController.m in Sources */ = {isa = PBXBuildFile; fileRef = 340331212165ADA60024FF7F /* ZWJMeViewController.m */; };
		340331252165ADD30024FF7F /* ZWJNewViewController.m in Sources */ = {isa = PBXBuildFile; fileRef = 340331242165ADD30024FF7F /* ZWJNewViewController.m */; };
		340331282165AED00024FF7F /* ZWJReleasseViewController.m in Sources */ = {isa = PBXBuildFile; fileRef = 340331272165AED00024FF7F /* ZWJReleasseViewController.m */; };
		3403312B2165B0070024FF7F /* ZWJTabBarController.m in Sources */ = {isa = PBXBuildFile; fileRef = 3403312A2165B0070024FF7F /* ZWJTabBarController.m */; };
		3403312F2165E7510024FF7F /* UIImage+Rendering.m in Sources */ = {isa = PBXBuildFile; fileRef = 3403312E2165E7510024FF7F /* UIImage+Rendering.m */; };
		340331322165F18C0024FF7F /* UITabBarItem+Font.m in Sources */ = {isa = PBXBuildFile; fileRef = 340331312165F18C0024FF7F /* UITabBarItem+Font.m */; };
		3403313821660CDC0024FF7F /* UIBarButtonItem+Itme.m in Sources */ = {isa = PBXBuildFile; fileRef = 3403313721660CDC0024FF7F /* UIBarButtonItem+Itme.m */; };
		3403313D216754250024FF7F /* ZWJINavigationController.m in Sources */ = {isa = PBXBuildFile; fileRef = 3403313C216754250024FF7F /* ZWJINavigationController.m */; };
		340331442167586D0024FF7F /* ZWJStetupTableViewController.m in Sources */ = {isa = PBXBuildFile; fileRef = 340331432167586D0024FF7F /* ZWJStetupTableViewController.m */; };
		340331472167625E0024FF7F /* UIView+Frame.m in Sources */ = {isa = PBXBuildFile; fileRef = 340331462167625E0024FF7F /* UIView+Frame.m */; };
		3420D99121676CAD0031D400 /* ZWJNavigationBar.m in Sources */ = {isa = PBXBuildFile; fileRef = 3420D99021676CAD0031D400 /* ZWJNavigationBar.m */; };
		3420D99421676EAA0031D400 /* ZWJBackView.m in Sources */ = {isa = PBXBuildFile; fileRef = 3420D99321676EAA0031D400 /* ZWJBackView.m */; };
		3420D99C21684B5F0031D400 /* ZWJADViewController.m in Sources */ = {isa = PBXBuildFile; fileRef = 3420D99A21684B5F0031D400 /* ZWJADViewController.m */; };
		3420D99D21684B5F0031D400 /* ZWJADViewController.xib in Resources */ = {isa = PBXBuildFile; fileRef = 3420D99B21684B5F0031D400 /* ZWJADViewController.xib */; };
		3420D9A6216855820031D400 /* LaunchImage@2x.png in Resources */ = {isa = PBXBuildFile; fileRef = 3420D99F216855820031D400 /* LaunchImage@2x.png */; };
		3420D9A7216855820031D400 /* LaunchImage-568h@2x.png in Resources */ = {isa = PBXBuildFile; fileRef = 3420D9A0216855820031D400 /* LaunchImage-568h@2x.png */; };
		3420D9A8216855820031D400 /* LaunchImage-800-667h@2x.png in Resources */ = {isa = PBXBuildFile; fileRef = 3420D9A1216855820031D400 /* LaunchImage-800-667h@2x.png */; };
		3420D9A9216855820031D400 /* LaunchImage-800-Portrait-736h@3x.png in Resources */ = {isa = PBXBuildFile; fileRef = 3420D9A2216855820031D400 /* LaunchImage-800-Portrait-736h@3x.png */; };
		3420D9AA216855820031D400 /* LaunchImage-700@2x.png in Resources */ = {isa = PBXBuildFile; fileRef = 3420D9A3216855820031D400 /* LaunchImage-700@2x.png */; };
		3420D9AB216855820031D400 /* LaunchImage-700-568h@2x.png in Resources */ = {isa = PBXBuildFile; fileRef = 3420D9A4216855820031D400 /* LaunchImage-700-568h@2x.png */; };
		3420D9AC216855820031D400 /* LaunchImage.png in Resources */ = {isa = PBXBuildFile; fileRef = 3420D9A5216855820031D400 /* LaunchImage.png */; };
		3420D9AF2168A13B0031D400 /* AFHTTPSessionManager+Manager.m in Sources */ = {isa = PBXBuildFile; fileRef = 3420D9AE2168A13B0031D400 /* AFHTTPSessionManager+Manager.m */; };
		3420D9B22168A4A40031D400 /* ZWJADItem.m in Sources */ = {isa = PBXBuildFile; fileRef = 3420D9B12168A4A40031D400 /* ZWJADItem.m */; };
		3420DA6F2168CE090031D400 /* ZWJSubTagTableViewController.m in Sources */ = {isa = PBXBuildFile; fileRef = 3420DA6E2168CE090031D400 /* ZWJSubTagTableViewController.m */; };
		3420DA722168D3070031D400 /* ZWJSubTagItem.m in Sources */ = {isa = PBXBuildFile; fileRef = 3420DA712168D3070031D400 /* ZWJSubTagItem.m */; };
		3420DA76216993030031D400 /* ZWJTagCell.m in Sources */ = {isa = PBXBuildFile; fileRef = 3420DA74216993030031D400 /* ZWJTagCell.m */; };
		3420DA77216993030031D400 /* ZWJTagCell.xib in Resources */ = {isa = PBXBuildFile; fileRef = 3420DA75216993030031D400 /* ZWJTagCell.xib */; };
		3447C7D72169F8C40027F522 /* ZWJFoollowViewController.m in Sources */ = {isa = PBXBuildFile; fileRef = 3447C7D52169F8C40027F522 /* ZWJFoollowViewController.m */; };
		3447C7DA2169F8F40027F522 /* ZWJFoollowViewController.xib in Resources */ = {isa = PBXBuildFile; fileRef = 3447C7D92169F8F40027F522 /* ZWJFoollowViewController.xib */; };
		3447C7DD2169FDCE0027F522 /* ZWJLoginViewController.m in Sources */ = {isa = PBXBuildFile; fileRef = 3447C7DC2169FDCE0027F522 /* ZWJLoginViewController.m */; };
		3447C7DF2169FE040027F522 /* ZWJLoginViewController.storyboard in Resources */ = {isa = PBXBuildFile; fileRef = 3447C7DE2169FE040027F522 /* ZWJLoginViewController.storyboard */; };
		3447C7E2216A29E40027F522 /* ZWJLogInRegisterView.m in Sources */ = {isa = PBXBuildFile; fileRef = 3447C7E1216A29E40027F522 /* ZWJLogInRegisterView.m */; };
		3447C7E4216A29F60027F522 /* ZWJLogInRegisterView.xib in Resources */ = {isa = PBXBuildFile; fileRef = 3447C7E3216A29F60027F522 /* ZWJLogInRegisterView.xib */; };
		3447C7EA216A3D680027F522 /* ZWJFastLoginButton.m in Sources */ = {isa = PBXBuildFile; fileRef = 3447C7E9216A3D680027F522 /* ZWJFastLoginButton.m */; };
		3447C7ED216ACC3F0027F522 /* ZWJLoginField.m in Sources */ = {isa = PBXBuildFile; fileRef = 3447C7EC216ACC3F0027F522 /* ZWJLoginField.m */; };
		3447C7F0216AEA2D0027F522 /* UITextField+Placeholder.m in Sources */ = {isa = PBXBuildFile; fileRef = 3447C7EF216AEA2D0027F522 /* UITextField+Placeholder.m */; };
		3447C7F2216AF4E70027F522 /* ZWJMeViewController.storyboard in Resources */ = {isa = PBXBuildFile; fileRef = 3447C7F1216AF4E70027F522 /* ZWJMeViewController.storyboard */; };
		3447C7F6216AFFC90027F522 /* ZWJSquareCell.m in Sources */ = {isa = PBXBuildFile; fileRef = 3447C7F4216AFFC90027F522 /* ZWJSquareCell.m */; };
		3447C7F7216AFFC90027F522 /* ZWJSquareCell.xib in Resources */ = {isa = PBXBuildFile; fileRef = 3447C7F5216AFFC90027F522 /* ZWJSquareCell.xib */; };
		34680A66216B3AA2001460F6 /* ZWJSquareItem.m in Sources */ = {isa = PBXBuildFile; fileRef = 34680A65216B3AA2001460F6 /* ZWJSquareItem.m */; };
		34680A71216C2DAE001460F6 /* ZWJFileManagr.m in Sources */ = {isa = PBXBuildFile; fileRef = 34680A70216C2DAE001460F6 /* ZWJFileManagr.m */; };
		34680AE1216C960D001460F6 /* ZWJAllTableViewController.m in Sources */ = {isa = PBXBuildFile; fileRef = 34680AE0216C960D001460F6 /* ZWJAllTableViewController.m */; };
		34680AE4216C9658001460F6 /* ZWJVideoViewController.m in Sources */ = {isa = PBXBuildFile; fileRef = 34680AE3216C9658001460F6 /* ZWJVideoViewController.m */; };
		34680AE7216C968D001460F6 /* ZWJVoiceViewController.m in Sources */ = {isa = PBXBuildFile; fileRef = 34680AE6216C968D001460F6 /* ZWJVoiceViewController.m */; };
		34680AEA216C96AE001460F6 /* ZWJPictureViewController.m in Sources */ = {isa = PBXBuildFile; fileRef = 34680AE9216C96AE001460F6 /* ZWJPictureViewController.m */; };
		34680AED216C96C9001460F6 /* ZWJTextViewController.m in Sources */ = {isa = PBXBuildFile; fileRef = 34680AEC216C96C9001460F6 /* ZWJTextViewController.m */; };
		34EF65F1216CD927009A0A4B /* ZWJBaseTabViewController.m in Sources */ = {isa = PBXBuildFile; fileRef = 34EF65F0216CD927009A0A4B /* ZWJBaseTabViewController.m */; };
/* End PBXBuildFile section */

/* Begin PBXFileReference section */
		340330E12165A7C80024FF7F /* BuDeJie.app */ = {isa = PBXFileReference; explicitFileType = wrapper.application; includeInIndex = 0; path = BuDeJie.app; sourceTree = BUILT_PRODUCTS_DIR; };
		340330ED2165A7CB0024FF7F /* Assets.xcassets */ = {isa = PBXFileReference; lastKnownFileType = folder.assetcatalog; path = Assets.xcassets; sourceTree = "<group>"; };
		340330F02165A7CB0024FF7F /* Base */ = {isa = PBXFileReference; lastKnownFileType = file.storyboard; name = Base; path = Base.lproj/LaunchScreen.storyboard; sourceTree = "<group>"; };
		340330F22165A7CB0024FF7F /* Info.plist */ = {isa = PBXFileReference; lastKnownFileType = text.plist.xml; path = Info.plist; sourceTree = "<group>"; };
		340331042165A8E10024FF7F /* main.m */ = {isa = PBXFileReference; fileEncoding = 4; lastKnownFileType = sourcecode.c.objc; path = main.m; sourceTree = "<group>"; };
		3403310E2165A8E10024FF7F /* AppDelegate.h */ = {isa = PBXFileReference; fileEncoding = 4; lastKnownFileType = sourcecode.c.h; path = AppDelegate.h; sourceTree = "<group>"; };
		3403310F2165A8E10024FF7F /* AppDelegate.m */ = {isa = PBXFileReference; fileEncoding = 4; lastKnownFileType = sourcecode.c.objc; path = AppDelegate.m; sourceTree = "<group>"; };
		3403311A2165AD1D0024FF7F /* ZWJEssenceViewController.h */ = {isa = PBXFileReference; lastKnownFileType = sourcecode.c.h; path = ZWJEssenceViewController.h; sourceTree = "<group>"; };
		3403311B2165AD1D0024FF7F /* ZWJEssenceViewController.m */ = {isa = PBXFileReference; lastKnownFileType = sourcecode.c.objc; path = ZWJEssenceViewController.m; sourceTree = "<group>"; };
		340331202165ADA60024FF7F /* ZWJMeViewController.h */ = {isa = PBXFileReference; lastKnownFileType = sourcecode.c.h; path = ZWJMeViewController.h; sourceTree = "<group>"; };
		340331212165ADA60024FF7F /* ZWJMeViewController.m */ = {isa = PBXFileReference; lastKnownFileType = sourcecode.c.objc; path = ZWJMeViewController.m; sourceTree = "<group>"; };
		340331232165ADD30024FF7F /* ZWJNewViewController.h */ = {isa = PBXFileReference; lastKnownFileType = sourcecode.c.h; path = ZWJNewViewController.h; sourceTree = "<group>"; };
		340331242165ADD30024FF7F /* ZWJNewViewController.m */ = {isa = PBXFileReference; lastKnownFileType = sourcecode.c.objc; path = ZWJNewViewController.m; sourceTree = "<group>"; };
		340331262165AED00024FF7F /* ZWJReleasseViewController.h */ = {isa = PBXFileReference; lastKnownFileType = sourcecode.c.h; path = ZWJReleasseViewController.h; sourceTree = "<group>"; };
		340331272165AED00024FF7F /* ZWJReleasseViewController.m */ = {isa = PBXFileReference; lastKnownFileType = sourcecode.c.objc; path = ZWJReleasseViewController.m; sourceTree = "<group>"; };
		340331292165B0070024FF7F /* ZWJTabBarController.h */ = {isa = PBXFileReference; lastKnownFileType = sourcecode.c.h; path = ZWJTabBarController.h; sourceTree = "<group>"; };
		3403312A2165B0070024FF7F /* ZWJTabBarController.m */ = {isa = PBXFileReference; lastKnownFileType = sourcecode.c.objc; path = ZWJTabBarController.m; sourceTree = "<group>"; };
		3403312D2165E7510024FF7F /* UIImage+Rendering.h */ = {isa = PBXFileReference; lastKnownFileType = sourcecode.c.h; path = "UIImage+Rendering.h"; sourceTree = "<group>"; };
		3403312E2165E7510024FF7F /* UIImage+Rendering.m */ = {isa = PBXFileReference; lastKnownFileType = sourcecode.c.objc; path = "UIImage+Rendering.m"; sourceTree = "<group>"; };
		340331302165F18C0024FF7F /* UITabBarItem+Font.h */ = {isa = PBXFileReference; lastKnownFileType = sourcecode.c.h; path = "UITabBarItem+Font.h"; sourceTree = "<group>"; };
		340331312165F18C0024FF7F /* UITabBarItem+Font.m */ = {isa = PBXFileReference; lastKnownFileType = sourcecode.c.objc; path = "UITabBarItem+Font.m"; sourceTree = "<group>"; };
		3403313621660CDC0024FF7F /* UIBarButtonItem+Itme.h */ = {isa = PBXFileReference; lastKnownFileType = sourcecode.c.h; path = "UIBarButtonItem+Itme.h"; sourceTree = "<group>"; };
		3403313721660CDC0024FF7F /* UIBarButtonItem+Itme.m */ = {isa = PBXFileReference; lastKnownFileType = sourcecode.c.objc; path = "UIBarButtonItem+Itme.m"; sourceTree = "<group>"; };
		3403313A216632E90024FF7F /* BuDeJie.pch */ = {isa = PBXFileReference; lastKnownFileType = sourcecode.c.h; path = BuDeJie.pch; sourceTree = "<group>"; };
		3403313B216754250024FF7F /* ZWJINavigationController.h */ = {isa = PBXFileReference; lastKnownFileType = sourcecode.c.h; path = ZWJINavigationController.h; sourceTree = "<group>"; };
		3403313C216754250024FF7F /* ZWJINavigationController.m */ = {isa = PBXFileReference; lastKnownFileType = sourcecode.c.objc; path = ZWJINavigationController.m; sourceTree = "<group>"; };
		340331422167586D0024FF7F /* ZWJStetupTableViewController.h */ = {isa = PBXFileReference; lastKnownFileType = sourcecode.c.h; path = ZWJStetupTableViewController.h; sourceTree = "<group>"; };
		340331432167586D0024FF7F /* ZWJStetupTableViewController.m */ = {isa = PBXFileReference; lastKnownFileType = sourcecode.c.objc; path = ZWJStetupTableViewController.m; sourceTree = "<group>"; };
		340331452167625E0024FF7F /* UIView+Frame.h */ = {isa = PBXFileReference; lastKnownFileType = sourcecode.c.h; path = "UIView+Frame.h"; sourceTree = "<group>"; };
		340331462167625E0024FF7F /* UIView+Frame.m */ = {isa = PBXFileReference; lastKnownFileType = sourcecode.c.objc; path = "UIView+Frame.m"; sourceTree = "<group>"; };
		3420D98F21676CAD0031D400 /* ZWJNavigationBar.h */ = {isa = PBXFileReference; lastKnownFileType = sourcecode.c.h; path = ZWJNavigationBar.h; sourceTree = "<group>"; };
		3420D99021676CAD0031D400 /* ZWJNavigationBar.m */ = {isa = PBXFileReference; lastKnownFileType = sourcecode.c.objc; path = ZWJNavigationBar.m; sourceTree = "<group>"; };
		3420D99221676EAA0031D400 /* ZWJBackView.h */ = {isa = PBXFileReference; lastKnownFileType = sourcecode.c.h; path = ZWJBackView.h; sourceTree = "<group>"; };
		3420D99321676EAA0031D400 /* ZWJBackView.m */ = {isa = PBXFileReference; lastKnownFileType = sourcecode.c.objc; path = ZWJBackView.m; sourceTree = "<group>"; };
		3420D99921684B5F0031D400 /* ZWJADViewController.h */ = {isa = PBXFileReference; lastKnownFileType = sourcecode.c.h; path = ZWJADViewController.h; sourceTree = "<group>"; };
		3420D99A21684B5F0031D400 /* ZWJADViewController.m */ = {isa = PBXFileReference; lastKnownFileType = sourcecode.c.objc; path = ZWJADViewController.m; sourceTree = "<group>"; };
		3420D99B21684B5F0031D400 /* ZWJADViewController.xib */ = {isa = PBXFileReference; lastKnownFileType = file.xib; path = ZWJADViewController.xib; sourceTree = "<group>"; };
		3420D99F216855820031D400 /* LaunchImage@2x.png */ = {isa = PBXFileReference; lastKnownFileType = image.png; path = "LaunchImage@2x.png"; sourceTree = "<group>"; };
		3420D9A0216855820031D400 /* LaunchImage-568h@2x.png */ = {isa = PBXFileReference; lastKnownFileType = image.png; path = "LaunchImage-568h@2x.png"; sourceTree = "<group>"; };
		3420D9A1216855820031D400 /* LaunchImage-800-667h@2x.png */ = {isa = PBXFileReference; lastKnownFileType = image.png; path = "LaunchImage-800-667h@2x.png"; sourceTree = "<group>"; };
		3420D9A2216855820031D400 /* LaunchImage-800-Portrait-736h@3x.png */ = {isa = PBXFileReference; lastKnownFileType = image.png; path = "LaunchImage-800-Portrait-736h@3x.png"; sourceTree = "<group>"; };
		3420D9A3216855820031D400 /* LaunchImage-700@2x.png */ = {isa = PBXFileReference; lastKnownFileType = image.png; path = "LaunchImage-700@2x.png"; sourceTree = "<group>"; };
		3420D9A4216855820031D400 /* LaunchImage-700-568h@2x.png */ = {isa = PBXFileReference; lastKnownFileType = image.png; path = "LaunchImage-700-568h@2x.png"; sourceTree = "<group>"; };
		3420D9A5216855820031D400 /* LaunchImage.png */ = {isa = PBXFileReference; lastKnownFileType = image.png; path = LaunchImage.png; sourceTree = "<group>"; };
		3420D9AD2168A13B0031D400 /* AFHTTPSessionManager+Manager.h */ = {isa = PBXFileReference; lastKnownFileType = sourcecode.c.h; path = "AFHTTPSessionManager+Manager.h"; sourceTree = "<group>"; };
		3420D9AE2168A13B0031D400 /* AFHTTPSessionManager+Manager.m */ = {isa = PBXFileReference; lastKnownFileType = sourcecode.c.objc; path = "AFHTTPSessionManager+Manager.m"; sourceTree = "<group>"; };
		3420D9B02168A4A40031D400 /* ZWJADItem.h */ = {isa = PBXFileReference; lastKnownFileType = sourcecode.c.h; path = ZWJADItem.h; sourceTree = "<group>"; };
		3420D9B12168A4A40031D400 /* ZWJADItem.m */ = {isa = PBXFileReference; lastKnownFileType = sourcecode.c.objc; path = ZWJADItem.m; sourceTree = "<group>"; };
		3420DA6D2168CE090031D400 /* ZWJSubTagTableViewController.h */ = {isa = PBXFileReference; lastKnownFileType = sourcecode.c.h; path = ZWJSubTagTableViewController.h; sourceTree = "<group>"; };
		3420DA6E2168CE090031D400 /* ZWJSubTagTableViewController.m */ = {isa = PBXFileReference; lastKnownFileType = sourcecode.c.objc; path = ZWJSubTagTableViewController.m; sourceTree = "<group>"; };
		3420DA702168D3070031D400 /* ZWJSubTagItem.h */ = {isa = PBXFileReference; lastKnownFileType = sourcecode.c.h; path = ZWJSubTagItem.h; sourceTree = "<group>"; };
		3420DA712168D3070031D400 /* ZWJSubTagItem.m */ = {isa = PBXFileReference; lastKnownFileType = sourcecode.c.objc; path = ZWJSubTagItem.m; sourceTree = "<group>"; };
		3420DA73216993030031D400 /* ZWJTagCell.h */ = {isa = PBXFileReference; lastKnownFileType = sourcecode.c.h; path = ZWJTagCell.h; sourceTree = "<group>"; };
		3420DA74216993030031D400 /* ZWJTagCell.m */ = {isa = PBXFileReference; lastKnownFileType = sourcecode.c.objc; path = ZWJTagCell.m; sourceTree = "<group>"; };
		3420DA75216993030031D400 /* ZWJTagCell.xib */ = {isa = PBXFileReference; lastKnownFileType = file.xib; path = ZWJTagCell.xib; sourceTree = "<group>"; };
		3447C7D42169F8C40027F522 /* ZWJFoollowViewController.h */ = {isa = PBXFileReference; lastKnownFileType = sourcecode.c.h; path = ZWJFoollowViewController.h; sourceTree = "<group>"; };
		3447C7D52169F8C40027F522 /* ZWJFoollowViewController.m */ = {isa = PBXFileReference; lastKnownFileType = sourcecode.c.objc; path = ZWJFoollowViewController.m; sourceTree = "<group>"; };
		3447C7D92169F8F40027F522 /* ZWJFoollowViewController.xib */ = {isa = PBXFileReference; lastKnownFileType = file.xib; path = ZWJFoollowViewController.xib; sourceTree = "<group>"; };
		3447C7DB2169FDCE0027F522 /* ZWJLoginViewController.h */ = {isa = PBXFileReference; lastKnownFileType = sourcecode.c.h; path = ZWJLoginViewController.h; sourceTree = "<group>"; };
		3447C7DC2169FDCE0027F522 /* ZWJLoginViewController.m */ = {isa = PBXFileReference; lastKnownFileType = sourcecode.c.objc; path = ZWJLoginViewController.m; sourceTree = "<group>"; };
		3447C7DE2169FE040027F522 /* ZWJLoginViewController.storyboard */ = {isa = PBXFileReference; lastKnownFileType = file.storyboard; path = ZWJLoginViewController.storyboard; sourceTree = "<group>"; };
		3447C7E0216A29E40027F522 /* ZWJLogInRegisterView.h */ = {isa = PBXFileReference; lastKnownFileType = sourcecode.c.h; path = ZWJLogInRegisterView.h; sourceTree = "<group>"; };
		3447C7E1216A29E40027F522 /* ZWJLogInRegisterView.m */ = {isa = PBXFileReference; lastKnownFileType = sourcecode.c.objc; path = ZWJLogInRegisterView.m; sourceTree = "<group>"; };
		3447C7E3216A29F60027F522 /* ZWJLogInRegisterView.xib */ = {isa = PBXFileReference; lastKnownFileType = file.xib; path = ZWJLogInRegisterView.xib; sourceTree = "<group>"; };
		3447C7E8216A3D680027F522 /* ZWJFastLoginButton.h */ = {isa = PBXFileReference; lastKnownFileType = sourcecode.c.h; path = ZWJFastLoginButton.h; sourceTree = "<group>"; };
		3447C7E9216A3D680027F522 /* ZWJFastLoginButton.m */ = {isa = PBXFileReference; lastKnownFileType = sourcecode.c.objc; path = ZWJFastLoginButton.m; sourceTree = "<group>"; };
		3447C7EB216ACC3F0027F522 /* ZWJLoginField.h */ = {isa = PBXFileReference; lastKnownFileType = sourcecode.c.h; path = ZWJLoginField.h; sourceTree = "<group>"; };
		3447C7EC216ACC3F0027F522 /* ZWJLoginField.m */ = {isa = PBXFileReference; lastKnownFileType = sourcecode.c.objc; path = ZWJLoginField.m; sourceTree = "<group>"; };
		3447C7EE216AEA2D0027F522 /* UITextField+Placeholder.h */ = {isa = PBXFileReference; lastKnownFileType = sourcecode.c.h; path = "UITextField+Placeholder.h"; sourceTree = "<group>"; };
		3447C7EF216AEA2D0027F522 /* UITextField+Placeholder.m */ = {isa = PBXFileReference; lastKnownFileType = sourcecode.c.objc; path = "UITextField+Placeholder.m"; sourceTree = "<group>"; };
		3447C7F1216AF4E70027F522 /* ZWJMeViewController.storyboard */ = {isa = PBXFileReference; lastKnownFileType = file.storyboard; path = ZWJMeViewController.storyboard; sourceTree = "<group>"; };
		3447C7F3216AFFC90027F522 /* ZWJSquareCell.h */ = {isa = PBXFileReference; lastKnownFileType = sourcecode.c.h; path = ZWJSquareCell.h; sourceTree = "<group>"; };
		3447C7F4216AFFC90027F522 /* ZWJSquareCell.m */ = {isa = PBXFileReference; lastKnownFileType = sourcecode.c.objc; path = ZWJSquareCell.m; sourceTree = "<group>"; };
		3447C7F5216AFFC90027F522 /* ZWJSquareCell.xib */ = {isa = PBXFileReference; lastKnownFileType = file.xib; path = ZWJSquareCell.xib; sourceTree = "<group>"; };
		34680A64216B3AA2001460F6 /* ZWJSquareItem.h */ = {isa = PBXFileReference; lastKnownFileType = sourcecode.c.h; path = ZWJSquareItem.h; sourceTree = "<group>"; };
		34680A65216B3AA2001460F6 /* ZWJSquareItem.m */ = {isa = PBXFileReference; lastKnownFileType = sourcecode.c.objc; path = ZWJSquareItem.m; sourceTree = "<group>"; };
		34680A6F216C2DAE001460F6 /* ZWJFileManagr.h */ = {isa = PBXFileReference; lastKnownFileType = sourcecode.c.h; path = ZWJFileManagr.h; sourceTree = "<group>"; };
		34680A70216C2DAE001460F6 /* ZWJFileManagr.m */ = {isa = PBXFileReference; lastKnownFileType = sourcecode.c.objc; path = ZWJFileManagr.m; sourceTree = "<group>"; };
		34680ADF216C960D001460F6 /* ZWJAllTableViewController.h */ = {isa = PBXFileReference; lastKnownFileType = sourcecode.c.h; path = ZWJAllTableViewController.h; sourceTree = "<group>"; };
		34680AE0216C960D001460F6 /* ZWJAllTableViewController.m */ = {isa = PBXFileReference; lastKnownFileType = sourcecode.c.objc; path = ZWJAllTableViewController.m; sourceTree = "<group>"; };
		34680AE2216C9658001460F6 /* ZWJVideoViewController.h */ = {isa = PBXFileReference; lastKnownFileType = sourcecode.c.h; path = ZWJVideoViewController.h; sourceTree = "<group>"; };
		34680AE3216C9658001460F6 /* ZWJVideoViewController.m */ = {isa = PBXFileReference; lastKnownFileType = sourcecode.c.objc; path = ZWJVideoViewController.m; sourceTree = "<group>"; };
		34680AE5216C968D001460F6 /* ZWJVoiceViewController.h */ = {isa = PBXFileReference; lastKnownFileType = sourcecode.c.h; path = ZWJVoiceViewController.h; sourceTree = "<group>"; };
		34680AE6216C968D001460F6 /* ZWJVoiceViewController.m */ = {isa = PBXFileReference; lastKnownFileType = sourcecode.c.objc; path = ZWJVoiceViewController.m; sourceTree = "<group>"; };
		34680AE8216C96AE001460F6 /* ZWJPictureViewController.h */ = {isa = PBXFileReference; lastKnownFileType = sourcecode.c.h; path = ZWJPictureViewController.h; sourceTree = "<group>"; };
		34680AE9216C96AE001460F6 /* ZWJPictureViewController.m */ = {isa = PBXFileReference; lastKnownFileType = sourcecode.c.objc; path = ZWJPictureViewController.m; sourceTree = "<group>"; };
		34680AEB216C96C9001460F6 /* ZWJTextViewController.h */ = {isa = PBXFileReference; lastKnownFileType = sourcecode.c.h; path = ZWJTextViewController.h; sourceTree = "<group>"; };
		34680AEC216C96C9001460F6 /* ZWJTextViewController.m */ = {isa = PBXFileReference; lastKnownFileType = sourcecode.c.objc; path = ZWJTextViewController.m; sourceTree = "<group>"; };
		34EF65EF216CD927009A0A4B /* ZWJBaseTabViewController.h */ = {isa = PBXFileReference; lastKnownFileType = sourcecode.c.h; path = ZWJBaseTabViewController.h; sourceTree = "<group>"; };
		34EF65F0216CD927009A0A4B /* ZWJBaseTabViewController.m */ = {isa = PBXFileReference; lastKnownFileType = sourcecode.c.objc; path = ZWJBaseTabViewController.m; sourceTree = "<group>"; };
		3589AB4A57AD9CD2F94CB1E6 /* Pods-BuDeJie.debug.xcconfig */ = {isa = PBXFileReference; includeInIndex = 1; lastKnownFileType = text.xcconfig; name = "Pods-BuDeJie.debug.xcconfig"; path = "Pods/Target Support Files/Pods-BuDeJie/Pods-BuDeJie.debug.xcconfig"; sourceTree = "<group>"; };
		AE0FD88E6286397DA883A92C /* Pods-BuDeJie.release.xcconfig */ = {isa = PBXFileReference; includeInIndex = 1; lastKnownFileType = text.xcconfig; name = "Pods-BuDeJie.release.xcconfig"; path = "Pods/Target Support Files/Pods-BuDeJie/Pods-BuDeJie.release.xcconfig"; sourceTree = "<group>"; };
		DECA4F13BD8F6CE623DAFAD5 /* libPods-BuDeJie.a */ = {isa = PBXFileReference; explicitFileType = archive.ar; includeInIndex = 0; path = "libPods-BuDeJie.a"; sourceTree = BUILT_PRODUCTS_DIR; };
/* End PBXFileReference section */

/* Begin PBXFrameworksBuildPhase section */
		340330DE2165A7C80024FF7F /* Frameworks */ = {
			isa = PBXFrameworksBuildPhase;
			buildActionMask = 2147483647;
			files = (
				1E19321644095FBFBAB6DFD2 /* libPods-BuDeJie.a in Frameworks */,
			);
			runOnlyForDeploymentPostprocessing = 0;
		};
/* End PBXFrameworksBuildPhase section */

/* Begin PBXGroup section */
		340330D82165A7C80024FF7F = {
			isa = PBXGroup;
			children = (
				340330E32165A7C80024FF7F /* BuDeJie */,
				340330E22165A7C80024FF7F /* Products */,
				F33887AFC5FE18248F128867 /* Pods */,
				D78EDD30FFA8903574AB1C89 /* Frameworks */,
			);
			sourceTree = "<group>";
		};
		340330E22165A7C80024FF7F /* Products */ = {
			isa = PBXGroup;
			children = (
				340330E12165A7C80024FF7F /* BuDeJie.app */,
			);
			name = Products;
			sourceTree = "<group>";
		};
		340330E32165A7C80024FF7F /* BuDeJie */ = {
			isa = PBXGroup;
			children = (
				340330FA2165A8E10024FF7F /* BuDeJieClasses */,
				340330ED2165A7CB0024FF7F /* Assets.xcassets */,
				340330EF2165A7CB0024FF7F /* LaunchScreen.storyboard */,
				340330F22165A7CB0024FF7F /* Info.plist */,
				3420D99E216855820031D400 /* 启动图片 */,
			);
			path = BuDeJie;
			sourceTree = "<group>";
		};
		340330FA2165A8E10024FF7F /* BuDeJieClasses */ = {
			isa = PBXGroup;
			children = (
				34EF65EE216CD8AF009A0A4B /* Base(基类) */,
				34680A6D216C2D73001460F6 /* Utils(工具类) */,
				3420D995216849ED0031D400 /* AD(广告) */,
				3403313E216758300024FF7F /* Setup(设置) */,
				340330FB2165A8E10024FF7F /* follow(关注) */,
				340330FF2165A8E10024FF7F /* Essence(精华) */,
				340331032165A8E10024FF7F /* Other */,
				340331052165A8E10024FF7F /* New(新帖) */,
				340331092165A8E10024FF7F /* Main(主要) */,
				3403310D2165A8E10024FF7F /* AppDelegate */,
				340331102165A8E10024FF7F /* Release(发布) */,
				340331142165A8E10024FF7F /* Me(我) */,
			);
			path = BuDeJieClasses;
			sourceTree = "<group>";
		};
		340330FB2165A8E10024FF7F /* follow(关注) */ = {
			isa = PBXGroup;
			children = (
				340330FC2165A8E10024FF7F /* Controller */,
				340330FD2165A8E10024FF7F /* Model */,
				340330FE2165A8E10024FF7F /* View */,
			);
			path = "follow(关注)";
			sourceTree = "<group>";
		};
		340330FC2165A8E10024FF7F /* Controller */ = {
			isa = PBXGroup;
			children = (
				3447C7D42169F8C40027F522 /* ZWJFoollowViewController.h */,
				3447C7D52169F8C40027F522 /* ZWJFoollowViewController.m */,
				3447C7D92169F8F40027F522 /* ZWJFoollowViewController.xib */,
				3447C7DB2169FDCE0027F522 /* ZWJLoginViewController.h */,
				3447C7DC2169FDCE0027F522 /* ZWJLoginViewController.m */,
				3447C7DE2169FE040027F522 /* ZWJLoginViewController.storyboard */,
			);
			path = Controller;
			sourceTree = "<group>";
		};
		340330FD2165A8E10024FF7F /* Model */ = {
			isa = PBXGroup;
			children = (
			);
			path = Model;
			sourceTree = "<group>";
		};
		340330FE2165A8E10024FF7F /* View */ = {
			isa = PBXGroup;
			children = (
				3447C7E0216A29E40027F522 /* ZWJLogInRegisterView.h */,
				3447C7E1216A29E40027F522 /* ZWJLogInRegisterView.m */,
				3447C7E3216A29F60027F522 /* ZWJLogInRegisterView.xib */,
				3447C7E8216A3D680027F522 /* ZWJFastLoginButton.h */,
				3447C7E9216A3D680027F522 /* ZWJFastLoginButton.m */,
				3447C7EB216ACC3F0027F522 /* ZWJLoginField.h */,
				3447C7EC216ACC3F0027F522 /* ZWJLoginField.m */,
			);
			path = View;
			sourceTree = "<group>";
		};
		340330FF2165A8E10024FF7F /* Essence(精华) */ = {
			isa = PBXGroup;
			children = (
				340331002165A8E10024FF7F /* Controller */,
				340331012165A8E10024FF7F /* Model */,
				340331022165A8E10024FF7F /* View */,
			);
			path = "Essence(精华)";
			sourceTree = "<group>";
		};
		340331002165A8E10024FF7F /* Controller */ = {
			isa = PBXGroup;
			children = (
				34680ADE216C955C001460F6 /* ChildViewController */,
				3403311A2165AD1D0024FF7F /* ZWJEssenceViewController.h */,
				3403311B2165AD1D0024FF7F /* ZWJEssenceViewController.m */,
			);
			path = Controller;
			sourceTree = "<group>";
		};
		340331012165A8E10024FF7F /* Model */ = {
			isa = PBXGroup;
			children = (
			);
			path = Model;
			sourceTree = "<group>";
		};
		340331022165A8E10024FF7F /* View */ = {
			isa = PBXGroup;
			children = (
			);
			path = View;
			sourceTree = "<group>";
		};
		340331032165A8E10024FF7F /* Other */ = {
			isa = PBXGroup;
			children = (
				3403312C2165E6E70024FF7F /* Category(类别) */,
				340331042165A8E10024FF7F /* main.m */,
				3403313A216632E90024FF7F /* BuDeJie.pch */,
			);
			path = Other;
			sourceTree = "<group>";
		};
		340331052165A8E10024FF7F /* New(新帖) */ = {
			isa = PBXGroup;
			children = (
				340331062165A8E10024FF7F /* Controller */,
				340331072165A8E10024FF7F /* Model */,
				340331082165A8E10024FF7F /* View */,
			);
			path = "New(新帖)";
			sourceTree = "<group>";
		};
		340331062165A8E10024FF7F /* Controller */ = {
			isa = PBXGroup;
			children = (
				340331232165ADD30024FF7F /* ZWJNewViewController.h */,
				340331242165ADD30024FF7F /* ZWJNewViewController.m */,
				3420DA6D2168CE090031D400 /* ZWJSubTagTableViewController.h */,
				3420DA6E2168CE090031D400 /* ZWJSubTagTableViewController.m */,
			);
			path = Controller;
			sourceTree = "<group>";
		};
		340331072165A8E10024FF7F /* Model */ = {
			isa = PBXGroup;
			children = (
				3420DA702168D3070031D400 /* ZWJSubTagItem.h */,
				3420DA712168D3070031D400 /* ZWJSubTagItem.m */,
			);
			path = Model;
			sourceTree = "<group>";
		};
		340331082165A8E10024FF7F /* View */ = {
			isa = PBXGroup;
			children = (
				3420DA73216993030031D400 /* ZWJTagCell.h */,
				3420DA74216993030031D400 /* ZWJTagCell.m */,
				3420DA75216993030031D400 /* ZWJTagCell.xib */,
			);
			path = View;
			sourceTree = "<group>";
		};
		340331092165A8E10024FF7F /* Main(主要) */ = {
			isa = PBXGroup;
			children = (
				3403310A2165A8E10024FF7F /* Controller */,
				3403310B2165A8E10024FF7F /* Model */,
				3403310C2165A8E10024FF7F /* View */,
			);
			path = "Main(主要)";
			sourceTree = "<group>";
		};
		3403310A2165A8E10024FF7F /* Controller */ = {
			isa = PBXGroup;
			children = (
				340331292165B0070024FF7F /* ZWJTabBarController.h */,
				3403312A2165B0070024FF7F /* ZWJTabBarController.m */,
				3403313B216754250024FF7F /* ZWJINavigationController.h */,
				3403313C216754250024FF7F /* ZWJINavigationController.m */,
			);
			path = Controller;
			sourceTree = "<group>";
		};
		3403310B2165A8E10024FF7F /* Model */ = {
			isa = PBXGroup;
			children = (
			);
			path = Model;
			sourceTree = "<group>";
		};
		3403310C2165A8E10024FF7F /* View */ = {
			isa = PBXGroup;
			children = (
				3420D98F21676CAD0031D400 /* ZWJNavigationBar.h */,
				3420D99021676CAD0031D400 /* ZWJNavigationBar.m */,
				3420D99221676EAA0031D400 /* ZWJBackView.h */,
				3420D99321676EAA0031D400 /* ZWJBackView.m */,
			);
			path = View;
			sourceTree = "<group>";
		};
		3403310D2165A8E10024FF7F /* AppDelegate */ = {
			isa = PBXGroup;
			children = (
				3403310E2165A8E10024FF7F /* AppDelegate.h */,
				3403310F2165A8E10024FF7F /* AppDelegate.m */,
			);
			path = AppDelegate;
			sourceTree = "<group>";
		};
		340331102165A8E10024FF7F /* Release(发布) */ = {
			isa = PBXGroup;
			children = (
				340331112165A8E10024FF7F /* Controller */,
				340331122165A8E10024FF7F /* Model */,
				340331132165A8E10024FF7F /* View */,
			);
			path = "Release(发布)";
			sourceTree = "<group>";
		};
		340331112165A8E10024FF7F /* Controller */ = {
			isa = PBXGroup;
			children = (
				340331262165AED00024FF7F /* ZWJReleasseViewController.h */,
				340331272165AED00024FF7F /* ZWJReleasseViewController.m */,
			);
			path = Controller;
			sourceTree = "<group>";
		};
		340331122165A8E10024FF7F /* Model */ = {
			isa = PBXGroup;
			children = (
			);
			path = Model;
			sourceTree = "<group>";
		};
		340331132165A8E10024FF7F /* View */ = {
			isa = PBXGroup;
			children = (
			);
			path = View;
			sourceTree = "<group>";
		};
		340331142165A8E10024FF7F /* Me(我) */ = {
			isa = PBXGroup;
			children = (
				340331152165A8E10024FF7F /* Controller */,
				340331162165A8E10024FF7F /* Model */,
				340331172165A8E10024FF7F /* View */,
			);
			path = "Me(我)";
			sourceTree = "<group>";
		};
		340331152165A8E10024FF7F /* Controller */ = {
			isa = PBXGroup;
			children = (
				340331202165ADA60024FF7F /* ZWJMeViewController.h */,
				340331212165ADA60024FF7F /* ZWJMeViewController.m */,
				3447C7F1216AF4E70027F522 /* ZWJMeViewController.storyboard */,
			);
			path = Controller;
			sourceTree = "<group>";
		};
		340331162165A8E10024FF7F /* Model */ = {
			isa = PBXGroup;
			children = (
				34680A64216B3AA2001460F6 /* ZWJSquareItem.h */,
				34680A65216B3AA2001460F6 /* ZWJSquareItem.m */,
			);
			path = Model;
			sourceTree = "<group>";
		};
		340331172165A8E10024FF7F /* View */ = {
			isa = PBXGroup;
			children = (
				3447C7F3216AFFC90027F522 /* ZWJSquareCell.h */,
				3447C7F4216AFFC90027F522 /* ZWJSquareCell.m */,
				3447C7F5216AFFC90027F522 /* ZWJSquareCell.xib */,
			);
			path = View;
			sourceTree = "<group>";
		};
		3403312C2165E6E70024FF7F /* Category(类别) */ = {
			isa = PBXGroup;
			children = (
				3403312D2165E7510024FF7F /* UIImage+Rendering.h */,
				3403312E2165E7510024FF7F /* UIImage+Rendering.m */,
				340331302165F18C0024FF7F /* UITabBarItem+Font.h */,
				340331312165F18C0024FF7F /* UITabBarItem+Font.m */,
				3403313621660CDC0024FF7F /* UIBarButtonItem+Itme.h */,
				3403313721660CDC0024FF7F /* UIBarButtonItem+Itme.m */,
				340331452167625E0024FF7F /* UIView+Frame.h */,
				340331462167625E0024FF7F /* UIView+Frame.m */,
				3420D9AD2168A13B0031D400 /* AFHTTPSessionManager+Manager.h */,
				3420D9AE2168A13B0031D400 /* AFHTTPSessionManager+Manager.m */,
				3447C7EE216AEA2D0027F522 /* UITextField+Placeholder.h */,
				3447C7EF216AEA2D0027F522 /* UITextField+Placeholder.m */,
			);
			path = "Category(类别)";
			sourceTree = "<group>";
		};
		3403313E216758300024FF7F /* Setup(设置) */ = {
			isa = PBXGroup;
			children = (
				3403313F216758300024FF7F /* Controller */,
				34033140216758300024FF7F /* Model */,
				34033141216758300024FF7F /* View */,
			);
			path = "Setup(设置)";
			sourceTree = "<group>";
		};
		3403313F216758300024FF7F /* Controller */ = {
			isa = PBXGroup;
			children = (
				340331422167586D0024FF7F /* ZWJStetupTableViewController.h */,
				340331432167586D0024FF7F /* ZWJStetupTableViewController.m */,
			);
			path = Controller;
			sourceTree = "<group>";
		};
		34033140216758300024FF7F /* Model */ = {
			isa = PBXGroup;
			children = (
			);
			path = Model;
			sourceTree = "<group>";
		};
		34033141216758300024FF7F /* View */ = {
			isa = PBXGroup;
			children = (
			);
			path = View;
			sourceTree = "<group>";
		};
		3420D995216849ED0031D400 /* AD(广告) */ = {
			isa = PBXGroup;
			children = (
				3420D996216849ED0031D400 /* Controller */,
				3420D997216849ED0031D400 /* Model */,
				3420D998216849ED0031D400 /* View */,
			);
			path = "AD(广告)";
			sourceTree = "<group>";
		};
		3420D996216849ED0031D400 /* Controller */ = {
			isa = PBXGroup;
			children = (
				3420D99921684B5F0031D400 /* ZWJADViewController.h */,
				3420D99A21684B5F0031D400 /* ZWJADViewController.m */,
				3420D99B21684B5F0031D400 /* ZWJADViewController.xib */,
			);
			path = Controller;
			sourceTree = "<group>";
		};
		3420D997216849ED0031D400 /* Model */ = {
			isa = PBXGroup;
			children = (
				3420D9B02168A4A40031D400 /* ZWJADItem.h */,
				3420D9B12168A4A40031D400 /* ZWJADItem.m */,
			);
			path = Model;
			sourceTree = "<group>";
		};
		3420D998216849ED0031D400 /* View */ = {
			isa = PBXGroup;
			children = (
			);
			path = View;
			sourceTree = "<group>";
		};
		3420D99E216855820031D400 /* 启动图片 */ = {
			isa = PBXGroup;
			children = (
				3420D99F216855820031D400 /* LaunchImage@2x.png */,
				3420D9A0216855820031D400 /* LaunchImage-568h@2x.png */,
				3420D9A1216855820031D400 /* LaunchImage-800-667h@2x.png */,
				3420D9A2216855820031D400 /* LaunchImage-800-Portrait-736h@3x.png */,
				3420D9A3216855820031D400 /* LaunchImage-700@2x.png */,
				3420D9A4216855820031D400 /* LaunchImage-700-568h@2x.png */,
				3420D9A5216855820031D400 /* LaunchImage.png */,
			);
			path = "启动图片";
			sourceTree = "<group>";
		};
		34680A6D216C2D73001460F6 /* Utils(工具类) */ = {
			isa = PBXGroup;
			children = (
				34680A6E216C2D73001460F6 /* File */,
			);
			path = "Utils(工具类)";
			sourceTree = "<group>";
		};
		34680A6E216C2D73001460F6 /* File */ = {
			isa = PBXGroup;
			children = (
				34680A6F216C2DAE001460F6 /* ZWJFileManagr.h */,
				34680A70216C2DAE001460F6 /* ZWJFileManagr.m */,
			);
			path = File;
			sourceTree = "<group>";
		};
		34680ADE216C955C001460F6 /* ChildViewController */ = {
			isa = PBXGroup;
			children = (
				34680ADF216C960D001460F6 /* ZWJAllTableViewController.h */,
				34680AE0216C960D001460F6 /* ZWJAllTableViewController.m */,
				34680AE2216C9658001460F6 /* ZWJVideoViewController.h */,
				34680AE3216C9658001460F6 /* ZWJVideoViewController.m */,
				34680AE5216C968D001460F6 /* ZWJVoiceViewController.h */,
				34680AE6216C968D001460F6 /* ZWJVoiceViewController.m */,
				34680AE8216C96AE001460F6 /* ZWJPictureViewController.h */,
				34680AE9216C96AE001460F6 /* ZWJPictureViewController.m */,
				34680AEB216C96C9001460F6 /* ZWJTextViewController.h */,
				34680AEC216C96C9001460F6 /* ZWJTextViewController.m */,
			);
			path = ChildViewController;
			sourceTree = "<group>";
		};
		34EF65EE216CD8AF009A0A4B /* Base(基类) */ = {
			isa = PBXGroup;
			children = (
				34EF65EF216CD927009A0A4B /* ZWJBaseTabViewController.h */,
				34EF65F0216CD927009A0A4B /* ZWJBaseTabViewController.m */,
			);
			path = "Base(基类)";
			sourceTree = "<group>";
		};
		D78EDD30FFA8903574AB1C89 /* Frameworks */ = {
			isa = PBXGroup;
			children = (
				DECA4F13BD8F6CE623DAFAD5 /* libPods-BuDeJie.a */,
			);
			name = Frameworks;
			sourceTree = "<group>";
		};
		F33887AFC5FE18248F128867 /* Pods */ = {
			isa = PBXGroup;
			children = (
				3589AB4A57AD9CD2F94CB1E6 /* Pods-BuDeJie.debug.xcconfig */,
				AE0FD88E6286397DA883A92C /* Pods-BuDeJie.release.xcconfig */,
			);
			name = Pods;
			sourceTree = "<group>";
		};
/* End PBXGroup section */

/* Begin PBXNativeTarget section */
		340330E02165A7C80024FF7F /* BuDeJie */ = {
			isa = PBXNativeTarget;
			buildConfigurationList = 340330F72165A7CB0024FF7F /* Build configuration list for PBXNativeTarget "BuDeJie" */;
			buildPhases = (
				F8E32C08085D45DB59AFF37F /* [CP] Check Pods Manifest.lock */,
				340330DD2165A7C80024FF7F /* Sources */,
				340330DE2165A7C80024FF7F /* Frameworks */,
				340330DF2165A7C80024FF7F /* Resources */,
				1FC084DE036A356912E09194 /* [CP] Copy Pods Resources */,
			);
			buildRules = (
			);
			dependencies = (
			);
			name = BuDeJie;
			productName = BuDeJie;
			productReference = 340330E12165A7C80024FF7F /* BuDeJie.app */;
			productType = "com.apple.product-type.application";
		};
/* End PBXNativeTarget section */

/* Begin PBXProject section */
		340330D92165A7C80024FF7F /* Project object */ = {
			isa = PBXProject;
			attributes = {
				LastUpgradeCheck = 1000;
				ORGANIZATIONNAME = ZWJ;
				TargetAttributes = {
					340330E02165A7C80024FF7F = {
						CreatedOnToolsVersion = 10.0;
					};
				};
			};
			buildConfigurationList = 340330DC2165A7C80024FF7F /* Build configuration list for PBXProject "BuDeJie" */;
			compatibilityVersion = "Xcode 9.3";
			developmentRegion = en;
			hasScannedForEncodings = 0;
			knownRegions = (
				en,
				Base,
			);
			mainGroup = 340330D82165A7C80024FF7F;
			productRefGroup = 340330E22165A7C80024FF7F /* Products */;
			projectDirPath = "";
			projectRoot = "";
			targets = (
				340330E02165A7C80024FF7F /* BuDeJie */,
			);
		};
/* End PBXProject section */

/* Begin PBXResourcesBuildPhase section */
		340330DF2165A7C80024FF7F /* Resources */ = {
			isa = PBXResourcesBuildPhase;
			buildActionMask = 2147483647;
			files = (
				3447C7F2216AF4E70027F522 /* ZWJMeViewController.storyboard in Resources */,
				340330F12165A7CB0024FF7F /* LaunchScreen.storyboard in Resources */,
				3447C7DA2169F8F40027F522 /* ZWJFoollowViewController.xib in Resources */,
				3420D9A8216855820031D400 /* LaunchImage-800-667h@2x.png in Resources */,
				3420D9A6216855820031D400 /* LaunchImage@2x.png in Resources */,
				3420D9A7216855820031D400 /* LaunchImage-568h@2x.png in Resources */,
				3420DA77216993030031D400 /* ZWJTagCell.xib in Resources */,
				3447C7DF2169FE040027F522 /* ZWJLoginViewController.storyboard in Resources */,
				3447C7E4216A29F60027F522 /* ZWJLogInRegisterView.xib in Resources */,
				340330EE2165A7CB0024FF7F /* Assets.xcassets in Resources */,
				3420D9AA216855820031D400 /* LaunchImage-700@2x.png in Resources */,
				3420D9AC216855820031D400 /* LaunchImage.png in Resources */,
				3420D99D21684B5F0031D400 /* ZWJADViewController.xib in Resources */,
				3420D9A9216855820031D400 /* LaunchImage-800-Portrait-736h@3x.png in Resources */,
				3447C7F7216AFFC90027F522 /* ZWJSquareCell.xib in Resources */,
				3420D9AB216855820031D400 /* LaunchImage-700-568h@2x.png in Resources */,
			);
			runOnlyForDeploymentPostprocessing = 0;
		};
/* End PBXResourcesBuildPhase section */

/* Begin PBXShellScriptBuildPhase section */
		1FC084DE036A356912E09194 /* [CP] Copy Pods Resources */ = {
			isa = PBXShellScriptBuildPhase;
			buildActionMask = 2147483647;
			files = (
			);
			inputFileListPaths = (
			);
			inputPaths = (
				"${SRCROOT}/Pods/Target Support Files/Pods-BuDeJie/Pods-BuDeJie-resources.sh",
				"${PODS_ROOT}/SVProgressHUD/SVProgressHUD/SVProgressHUD.bundle",
			);
			name = "[CP] Copy Pods Resources";
			outputFileListPaths = (
			);
			outputPaths = (
				"${TARGET_BUILD_DIR}/${UNLOCALIZED_RESOURCES_FOLDER_PATH}/SVProgressHUD.bundle",
			);
			runOnlyForDeploymentPostprocessing = 0;
			shellPath = /bin/sh;
			shellScript = "\"${SRCROOT}/Pods/Target Support Files/Pods-BuDeJie/Pods-BuDeJie-resources.sh\"\n";
			showEnvVarsInLog = 0;
		};
		F8E32C08085D45DB59AFF37F /* [CP] Check Pods Manifest.lock */ = {
			isa = PBXShellScriptBuildPhase;
			buildActionMask = 2147483647;
			files = (
			);
			inputFileListPaths = (
			);
			inputPaths = (
				"${PODS_PODFILE_DIR_PATH}/Podfile.lock",
				"${PODS_ROOT}/Manifest.lock",
			);
			name = "[CP] Check Pods Manifest.lock";
			outputFileListPaths = (
			);
			outputPaths = (
				"$(DERIVED_FILE_DIR)/Pods-BuDeJie-checkManifestLockResult.txt",
			);
			runOnlyForDeploymentPostprocessing = 0;
			shellPath = /bin/sh;
			shellScript = "diff \"${PODS_PODFILE_DIR_PATH}/Podfile.lock\" \"${PODS_ROOT}/Manifest.lock\" > /dev/null\nif [ $? != 0 ] ; then\n    # print error to STDERR\n    echo \"error: The sandbox is not in sync with the Podfile.lock. Run 'pod install' or update your CocoaPods installation.\" >&2\n    exit 1\nfi\n# This output is used by Xcode 'outputs' to avoid re-running this script phase.\necho \"SUCCESS\" > \"${SCRIPT_OUTPUT_FILE_0}\"\n";
			showEnvVarsInLog = 0;
		};
/* End PBXShellScriptBuildPhase section */

/* Begin PBXSourcesBuildPhase section */
		340330DD2165A7C80024FF7F /* Sources */ = {
			isa = PBXSourcesBuildPhase;
			buildActionMask = 2147483647;
			files = (
				3403311C2165AD1D0024FF7F /* ZWJEssenceViewController.m in Sources */,
				3420DA6F2168CE090031D400 /* ZWJSubTagTableViewController.m in Sources */,
				3403313821660CDC0024FF7F /* UIBarButtonItem+Itme.m in Sources */,
				340331192165A8E10024FF7F /* AppDelegate.m in Sources */,
				34680AE4216C9658001460F6 /* ZWJVideoViewController.m in Sources */,
				340331442167586D0024FF7F /* ZWJStetupTableViewController.m in Sources */,
				3447C7D72169F8C40027F522 /* ZWJFoollowViewController.m in Sources */,
				34680A66216B3AA2001460F6 /* ZWJSquareItem.m in Sources */,
				3403312B2165B0070024FF7F /* ZWJTabBarController.m in Sources */,
				34EF65F1216CD927009A0A4B /* ZWJBaseTabViewController.m in Sources */,
				3420D9B22168A4A40031D400 /* ZWJADItem.m in Sources */,
				34680AE1216C960D001460F6 /* ZWJAllTableViewController.m in Sources */,
				34680A71216C2DAE001460F6 /* ZWJFileManagr.m in Sources */,
				3403313D216754250024FF7F /* ZWJINavigationController.m in Sources */,
				3403312F2165E7510024FF7F /* UIImage+Rendering.m in Sources */,
				3420D99C21684B5F0031D400 /* ZWJADViewController.m in Sources */,
				3420D9AF2168A13B0031D400 /* AFHTTPSessionManager+Manager.m in Sources */,
				3420DA76216993030031D400 /* ZWJTagCell.m in Sources */,
				34680AE7216C968D001460F6 /* ZWJVoiceViewController.m in Sources */,
				3447C7E2216A29E40027F522 /* ZWJLogInRegisterView.m in Sources */,
				3447C7ED216ACC3F0027F522 /* ZWJLoginField.m in Sources */,
				3447C7F0216AEA2D0027F522 /* UITextField+Placeholder.m in Sources */,
				34680AED216C96C9001460F6 /* ZWJTextViewController.m in Sources */,
				340331282165AED00024FF7F /* ZWJReleasseViewController.m in Sources */,
				340331252165ADD30024FF7F /* ZWJNewViewController.m in Sources */,
				3447C7F6216AFFC90027F522 /* ZWJSquareCell.m in Sources */,
				340331472167625E0024FF7F /* UIView+Frame.m in Sources */,
				3420D99121676CAD0031D400 /* ZWJNavigationBar.m in Sources */,
				3420DA722168D3070031D400 /* ZWJSubTagItem.m in Sources */,
				34680AEA216C96AE001460F6 /* ZWJPictureViewController.m in Sources */,
				340331222165ADA60024FF7F /* ZWJMeViewController.m in Sources */,
				340331182165A8E10024FF7F /* main.m in Sources */,
				3447C7EA216A3D680027F522 /* ZWJFastLoginButton.m in Sources */,
				3447C7DD2169FDCE0027F522 /* ZWJLoginViewController.m in Sources */,
				340331322165F18C0024FF7F /* UITabBarItem+Font.m in Sources */,
				3420D99421676EAA0031D400 /* ZWJBackView.m in Sources */,
			);
			runOnlyForDeploymentPostprocessing = 0;
		};
/* End PBXSourcesBuildPhase section */

/* Begin PBXVariantGroup section */
		340330EF2165A7CB0024FF7F /* LaunchScreen.storyboard */ = {
			isa = PBXVariantGroup;
			children = (
				340330F02165A7CB0024FF7F /* Base */,
			);
			name = LaunchScreen.storyboard;
			sourceTree = "<group>";
		};
/* End PBXVariantGroup section */

/* Begin XCBuildConfiguration section */
		340330F52165A7CB0024FF7F /* Debug */ = {
			isa = XCBuildConfiguration;
			buildSettings = {
				ALWAYS_SEARCH_USER_PATHS = NO;
				CLANG_ANALYZER_NONNULL = YES;
				CLANG_ANALYZER_NUMBER_OBJECT_CONVERSION = YES_AGGRESSIVE;
				CLANG_CXX_LANGUAGE_STANDARD = "gnu++14";
				CLANG_CXX_LIBRARY = "libc++";
				CLANG_ENABLE_MODULES = YES;
				CLANG_ENABLE_OBJC_ARC = YES;
				CLANG_ENABLE_OBJC_WEAK = YES;
				CLANG_WARN_BLOCK_CAPTURE_AUTORELEASING = YES;
				CLANG_WARN_BOOL_CONVERSION = YES;
				CLANG_WARN_COMMA = YES;
				CLANG_WARN_CONSTANT_CONVERSION = YES;
				CLANG_WARN_DEPRECATED_OBJC_IMPLEMENTATIONS = YES;
				CLANG_WARN_DIRECT_OBJC_ISA_USAGE = YES_ERROR;
				CLANG_WARN_DOCUMENTATION_COMMENTS = YES;
				CLANG_WARN_EMPTY_BODY = YES;
				CLANG_WARN_ENUM_CONVERSION = YES;
				CLANG_WARN_INFINITE_RECURSION = YES;
				CLANG_WARN_INT_CONVERSION = YES;
				CLANG_WARN_NON_LITERAL_NULL_CONVERSION = YES;
				CLANG_WARN_OBJC_IMPLICIT_RETAIN_SELF = YES;
				CLANG_WARN_OBJC_LITERAL_CONVERSION = YES;
				CLANG_WARN_OBJC_ROOT_CLASS = YES_ERROR;
				CLANG_WARN_RANGE_LOOP_ANALYSIS = YES;
				CLANG_WARN_STRICT_PROTOTYPES = YES;
				CLANG_WARN_SUSPICIOUS_MOVE = YES;
				CLANG_WARN_UNGUARDED_AVAILABILITY = YES_AGGRESSIVE;
				CLANG_WARN_UNREACHABLE_CODE = YES;
				CLANG_WARN__DUPLICATE_METHOD_MATCH = YES;
				CODE_SIGN_IDENTITY = "iPhone Developer";
				COPY_PHASE_STRIP = NO;
				DEBUG_INFORMATION_FORMAT = dwarf;
				ENABLE_STRICT_OBJC_MSGSEND = YES;
				ENABLE_TESTABILITY = YES;
				GCC_C_LANGUAGE_STANDARD = gnu11;
				GCC_DYNAMIC_NO_PIC = NO;
				GCC_NO_COMMON_BLOCKS = YES;
				GCC_OPTIMIZATION_LEVEL = 0;
				GCC_PREPROCESSOR_DEFINITIONS = (
					"DEBUG=1",
					"$(inherited)",
				);
				GCC_WARN_64_TO_32_BIT_CONVERSION = YES;
				GCC_WARN_ABOUT_RETURN_TYPE = YES_ERROR;
				GCC_WARN_UNDECLARED_SELECTOR = YES;
				GCC_WARN_UNINITIALIZED_AUTOS = YES_AGGRESSIVE;
				GCC_WARN_UNUSED_FUNCTION = YES;
				GCC_WARN_UNUSED_VARIABLE = YES;
				IPHONEOS_DEPLOYMENT_TARGET = 12.0;
				MTL_ENABLE_DEBUG_INFO = INCLUDE_SOURCE;
				MTL_FAST_MATH = YES;
				ONLY_ACTIVE_ARCH = YES;
				SDKROOT = iphoneos;
			};
			name = Debug;
		};
		340330F62165A7CB0024FF7F /* Release */ = {
			isa = XCBuildConfiguration;
			buildSettings = {
				ALWAYS_SEARCH_USER_PATHS = NO;
				CLANG_ANALYZER_NONNULL = YES;
				CLANG_ANALYZER_NUMBER_OBJECT_CONVERSION = YES_AGGRESSIVE;
				CLANG_CXX_LANGUAGE_STANDARD = "gnu++14";
				CLANG_CXX_LIBRARY = "libc++";
				CLANG_ENABLE_MODULES = YES;
				CLANG_ENABLE_OBJC_ARC = YES;
				CLANG_ENABLE_OBJC_WEAK = YES;
				CLANG_WARN_BLOCK_CAPTURE_AUTORELEASING = YES;
				CLANG_WARN_BOOL_CONVERSION = YES;
				CLANG_WARN_COMMA = YES;
				CLANG_WARN_CONSTANT_CONVERSION = YES;
				CLANG_WARN_DEPRECATED_OBJC_IMPLEMENTATIONS = YES;
				CLANG_WARN_DIRECT_OBJC_ISA_USAGE = YES_ERROR;
				CLANG_WARN_DOCUMENTATION_COMMENTS = YES;
				CLANG_WARN_EMPTY_BODY = YES;
				CLANG_WARN_ENUM_CONVERSION = YES;
				CLANG_WARN_INFINITE_RECURSION = YES;
				CLANG_WARN_INT_CONVERSION = YES;
				CLANG_WARN_NON_LITERAL_NULL_CONVERSION = YES;
				CLANG_WARN_OBJC_IMPLICIT_RETAIN_SELF = YES;
				CLANG_WARN_OBJC_LITERAL_CONVERSION = YES;
				CLANG_WARN_OBJC_ROOT_CLASS = YES_ERROR;
				CLANG_WARN_RANGE_LOOP_ANALYSIS = YES;
				CLANG_WARN_STRICT_PROTOTYPES = YES;
				CLANG_WARN_SUSPICIOUS_MOVE = YES;
				CLANG_WARN_UNGUARDED_AVAILABILITY = YES_AGGRESSIVE;
				CLANG_WARN_UNREACHABLE_CODE = YES;
				CLANG_WARN__DUPLICATE_METHOD_MATCH = YES;
				CODE_SIGN_IDENTITY = "iPhone Developer";
				COPY_PHASE_STRIP = NO;
				DEBUG_INFORMATION_FORMAT = "dwarf-with-dsym";
				ENABLE_NS_ASSERTIONS = NO;
				ENABLE_STRICT_OBJC_MSGSEND = YES;
				GCC_C_LANGUAGE_STANDARD = gnu11;
				GCC_NO_COMMON_BLOCKS = YES;
				GCC_WARN_64_TO_32_BIT_CONVERSION = YES;
				GCC_WARN_ABOUT_RETURN_TYPE = YES_ERROR;
				GCC_WARN_UNDECLARED_SELECTOR = YES;
				GCC_WARN_UNINITIALIZED_AUTOS = YES_AGGRESSIVE;
				GCC_WARN_UNUSED_FUNCTION = YES;
				GCC_WARN_UNUSED_VARIABLE = YES;
				IPHONEOS_DEPLOYMENT_TARGET = 12.0;
				MTL_ENABLE_DEBUG_INFO = NO;
				MTL_FAST_MATH = YES;
				SDKROOT = iphoneos;
				VALIDATE_PRODUCT = YES;
			};
			name = Release;
		};
		340330F82165A7CB0024FF7F /* Debug */ = {
			isa = XCBuildConfiguration;
			baseConfigurationReference = 3589AB4A57AD9CD2F94CB1E6 /* Pods-BuDeJie.debug.xcconfig */;
			buildSettings = {
				ASSETCATALOG_COMPILER_APPICON_NAME = AppIcon;
				ASSETCATALOG_COMPILER_LAUNCHIMAGE_NAME = LaunchImage;
				CODE_SIGN_STYLE = Automatic;
				GCC_PREFIX_HEADER = BuDeJie/BuDeJieClasses/Other/BuDeJie.pch;
				INFOPLIST_FILE = BuDeJie/Info.plist;
				LD_RUNPATH_SEARCH_PATHS = (
					"$(inherited)",
					"@executable_path/Frameworks",
				);
				PRODUCT_BUNDLE_IDENTIFIER = com.longshine.BuDeJie;
				PRODUCT_NAME = "$(TARGET_NAME)";
				TARGETED_DEVICE_FAMILY = "1,2";
			};
			name = Debug;
		};
		340330F92165A7CB0024FF7F /* Release */ = {
			isa = XCBuildConfiguration;
			baseConfigurationReference = AE0FD88E6286397DA883A92C /* Pods-BuDeJie.release.xcconfig */;
			buildSettings = {
				ASSETCATALOG_COMPILER_APPICON_NAME = AppIcon;
				ASSETCATALOG_COMPILER_LAUNCHIMAGE_NAME = LaunchImage;
				CODE_SIGN_STYLE = Automatic;
				GCC_PREFIX_HEADER = BuDeJie/BuDeJieClasses/Other/BuDeJie.pch;
				INFOPLIST_FILE = BuDeJie/Info.plist;
				LD_RUNPATH_SEARCH_PATHS = (
					"$(inherited)",
					"@executable_path/Frameworks",
				);
				PRODUCT_BUNDLE_IDENTIFIER = com.longshine.BuDeJie;
				PRODUCT_NAME = "$(TARGET_NAME)";
				TARGETED_DEVICE_FAMILY = "1,2";
			};
			name = Release;
		};
/* End XCBuildConfiguration section */

/* Begin XCConfigurationList section */
		340330DC2165A7C80024FF7F /* Build configuration list for PBXProject "BuDeJie" */ = {
			isa = XCConfigurationList;
			buildConfigurations = (
				340330F52165A7CB0024FF7F /* Debug */,
				340330F62165A7CB0024FF7F /* Release */,
			);
			defaultConfigurationIsVisible = 0;
			defaultConfigurationName = Release;
		};
		340330F72165A7CB0024FF7F /* Build configuration list for PBXNativeTarget "BuDeJie" */ = {
			isa = XCConfigurationList;
			buildConfigurations = (
				340330F82165A7CB0024FF7F /* Debug */,
				340330F92165A7CB0024FF7F /* Release */,
			);
			defaultConfigurationIsVisible = 0;
			defaultConfigurationName = Release;
		};
/* End XCConfigurationList section */
	};
	rootObject = 340330D92165A7C80024FF7F /* Project object */;
}
